
Microsoft Visual Studio Solution File, Format Version 12.00
# Visual Studio Version 17
VisualStudioVersion = 17.6.33829.357
MinimumVisualStudioVersion = 10.0.40219.1
Project("{FAE04EC0-301F-11D3-BF4B-00C04F79EFBC}") = "Homework - Class 03", "Homework - Class 03\Homework - Class 03.csproj", "{EA1D83DF-B8A1-4A6B-B6C8-70EA4C95320C}"
EndProject
Global
	GlobalSection(SolutionConfigurationPlatforms) = preSolution
		Debug|Any CPU = Debug|Any CPU
		Release|Any CPU = Release|Any CPU
	EndGlobalSection
	GlobalSection(ProjectConfigurationPlatforms) = postSolution
		{EA1D83DF-B8A1-4A6B-B6C8-70EA4C95320C}.Debug|Any CPU.ActiveCfg = Debug|Any CPU
		{EA1D83DF-B8A1-4A6B-B6C8-70EA4C95320C}.Debug|Any CPU.Build.0 = Debug|Any CPU
		{EA1D83DF-B8A1-4A6B-B6C8-70EA4C95320C}.Release|Any CPU.ActiveCfg = Release|Any CPU
		{EA1D83DF-B8A1-4A6B-B6C8-70EA4C95320C}.Release|Any CPU.Build.0 = Release|Any CPU
	EndGlobalSection
	GlobalSection(SolutionProperties) = preSolution
		HideSolutionNode = FALSE
	EndGlobalSection
	GlobalSection(ExtensibilityGlobals) = postSolution
		SolutionGuid = {5CBDD61A-81FD-4478-8B91-5E69FCC87F95}
	EndGlobalSection
EndGlobal
